{
  "originHash" : "89121570654cc115166d1c8dfcbc1111ede377135e4195a6b8b97513dc9baa1a",
  "pins" : [
    {
      "identity" : "colorlibrary",
      "kind" : "remoteSourceControl",
      "location" : "https://github.com/RKoopman/ColorLibrary",
      "state" : {
        "branch" : "main",
        "revision" : "5a5787e2140ab49a847885fb4ec161af68afc37c"
      }
    }
  ],
  "version" : 3
}
